
Microsoft Visual Studio Solution File, Format Version 12.00
# Visual Studio Version 17
VisualStudioVersion = 17.1.32228.430
MinimumVisualStudioVersion = 10.0.40219.1
Project("{9A19103F-16F7-4668-BE54-9A1E7A4F7556}") = "SMSH", "SMSH.csproj", "{04B0FEC3-090E-44C1-99C8-4EA3856AA3B1}"
EndProject
Project("{2150E333-8FDC-42A3-9474-1A3956D46DE8}") = "Solution Items", "Solution Items", "{B53C6B0A-DDA6-4E8C-A5AE-C483E96F2AF0}"
	ProjectSection(SolutionItems) = preProject
		readme.md = readme.md
	EndProjectSection
EndProject
Global
	GlobalSection(SolutionConfigurationPlatforms) = preSolution
		Debug|Any CPU = Debug|Any CPU
		Release|Any CPU = Release|Any CPU
	EndGlobalSection
	GlobalSection(ProjectConfigurationPlatforms) = postSolution
		{04B0FEC3-090E-44C1-99C8-4EA3856AA3B1}.Debug|Any CPU.ActiveCfg = Debug|Any CPU
		{04B0FEC3-090E-44C1-99C8-4EA3856AA3B1}.Debug|Any CPU.Build.0 = Debug|Any CPU
		{04B0FEC3-090E-44C1-99C8-4EA3856AA3B1}.Release|Any CPU.ActiveCfg = Release|Any CPU
		{04B0FEC3-090E-44C1-99C8-4EA3856AA3B1}.Release|Any CPU.Build.0 = Release|Any CPU
	EndGlobalSection
	GlobalSection(SolutionProperties) = preSolution
		HideSolutionNode = FALSE
	EndGlobalSection
	GlobalSection(ExtensibilityGlobals) = postSolution
		SolutionGuid = {74385B09-7B0B-4588-887B-616A3141A7A3}
	EndGlobalSection
EndGlobal
